
Microsoft Visual Studio Solution File, Format Version 12.00
Project("{FAE04EC0-301F-11D3-BF4B-00C04F79EFBC}") = "Api", "Api\Api.csproj", "{F7DDFACD-36EF-4E66-8521-160D6372BB6B}"
EndProject
Project("{FAE04EC0-301F-11D3-BF4B-00C04F79EFBC}") = "CocktailApi.Lib", "CocktailApi.Lib\CocktailApi.Lib.csproj", "{CE15154A-BB76-4179-91EB-AFC8A2971179}"
EndProject
Project("{2150E333-8FDC-42A3-9474-1A3956D46DE8}") = "Applications", "Applications", "{D6F6A932-F9D2-40AD-952B-2096AACAD081}"
EndProject
Project("{2150E333-8FDC-42A3-9474-1A3956D46DE8}") = "Libraries", "Libraries", "{EB72A68C-3030-461A-81BE-C4162B3D8065}"
EndProject
Project("{2150E333-8FDC-42A3-9474-1A3956D46DE8}") = "Tests", "Tests", "{F8E5EB78-2240-42BE-AF25-6C3CC10C0A8C}"
EndProject
Project("{FAE04EC0-301F-11D3-BF4B-00C04F79EFBC}") = "CocktailApi.Lib.Tests", "CocktailApi.Lib.Tests\CocktailApi.Lib.Tests.csproj", "{6B23641B-427A-4807-A5D6-D43C367CF63A}"
EndProject
Project("{FAE04EC0-301F-11D3-BF4B-00C04F79EFBC}") = "Api.Tests", "Api.Tests\Api.Tests.csproj", "{CD5559D7-74FE-4E72-97EB-EB481EAC8BF5}"
EndProject
Project("{FAE04EC0-301F-11D3-BF4B-00C04F79EFBC}") = "Test.Lib", "Test.Lib\Test.Lib.csproj", "{0D062890-A36A-408F-93B1-E6D598F14F05}"
EndProject
Global
	GlobalSection(SolutionConfigurationPlatforms) = preSolution
		Debug|Any CPU = Debug|Any CPU
		Release|Any CPU = Release|Any CPU
	EndGlobalSection
	GlobalSection(ProjectConfigurationPlatforms) = postSolution
		{F7DDFACD-36EF-4E66-8521-160D6372BB6B}.Debug|Any CPU.ActiveCfg = Debug|Any CPU
		{F7DDFACD-36EF-4E66-8521-160D6372BB6B}.Debug|Any CPU.Build.0 = Debug|Any CPU
		{F7DDFACD-36EF-4E66-8521-160D6372BB6B}.Release|Any CPU.ActiveCfg = Release|Any CPU
		{F7DDFACD-36EF-4E66-8521-160D6372BB6B}.Release|Any CPU.Build.0 = Release|Any CPU
		{CE15154A-BB76-4179-91EB-AFC8A2971179}.Debug|Any CPU.ActiveCfg = Debug|Any CPU
		{CE15154A-BB76-4179-91EB-AFC8A2971179}.Debug|Any CPU.Build.0 = Debug|Any CPU
		{CE15154A-BB76-4179-91EB-AFC8A2971179}.Release|Any CPU.ActiveCfg = Release|Any CPU
		{CE15154A-BB76-4179-91EB-AFC8A2971179}.Release|Any CPU.Build.0 = Release|Any CPU
		{6B23641B-427A-4807-A5D6-D43C367CF63A}.Debug|Any CPU.ActiveCfg = Debug|Any CPU
		{6B23641B-427A-4807-A5D6-D43C367CF63A}.Debug|Any CPU.Build.0 = Debug|Any CPU
		{6B23641B-427A-4807-A5D6-D43C367CF63A}.Release|Any CPU.ActiveCfg = Release|Any CPU
		{6B23641B-427A-4807-A5D6-D43C367CF63A}.Release|Any CPU.Build.0 = Release|Any CPU
		{CD5559D7-74FE-4E72-97EB-EB481EAC8BF5}.Debug|Any CPU.ActiveCfg = Debug|Any CPU
		{CD5559D7-74FE-4E72-97EB-EB481EAC8BF5}.Debug|Any CPU.Build.0 = Debug|Any CPU
		{CD5559D7-74FE-4E72-97EB-EB481EAC8BF5}.Release|Any CPU.ActiveCfg = Release|Any CPU
		{CD5559D7-74FE-4E72-97EB-EB481EAC8BF5}.Release|Any CPU.Build.0 = Release|Any CPU
		{0D062890-A36A-408F-93B1-E6D598F14F05}.Debug|Any CPU.ActiveCfg = Debug|Any CPU
		{0D062890-A36A-408F-93B1-E6D598F14F05}.Debug|Any CPU.Build.0 = Debug|Any CPU
		{0D062890-A36A-408F-93B1-E6D598F14F05}.Release|Any CPU.ActiveCfg = Release|Any CPU
		{0D062890-A36A-408F-93B1-E6D598F14F05}.Release|Any CPU.Build.0 = Release|Any CPU
	EndGlobalSection
	GlobalSection(NestedProjects) = preSolution
		{F7DDFACD-36EF-4E66-8521-160D6372BB6B} = {D6F6A932-F9D2-40AD-952B-2096AACAD081}
		{CE15154A-BB76-4179-91EB-AFC8A2971179} = {EB72A68C-3030-461A-81BE-C4162B3D8065}
		{6B23641B-427A-4807-A5D6-D43C367CF63A} = {F8E5EB78-2240-42BE-AF25-6C3CC10C0A8C}
		{CD5559D7-74FE-4E72-97EB-EB481EAC8BF5} = {F8E5EB78-2240-42BE-AF25-6C3CC10C0A8C}
		{0D062890-A36A-408F-93B1-E6D598F14F05} = {F8E5EB78-2240-42BE-AF25-6C3CC10C0A8C}
	EndGlobalSection
EndGlobal
